
Microsoft Visual Studio Solution File, Format Version 12.00
# Visual Studio 14
VisualStudioVersion = 14.0.25123.0
MinimumVisualStudioVersion = 10.0.40219.1
Project("{FAE04EC0-301F-11D3-BF4B-00C04F79EFBC}") = "FacuApplication", "FacuApplication\FacuApplication.csproj", "{EB6D7044-6DE6-4076-9074-7E1C68D2339D}"
EndProject
Project("{FAE04EC0-301F-11D3-BF4B-00C04F79EFBC}") = "WebApi", "WebApi\WebApi.csproj", "{AA56C425-72F6-4B2E-96CB-84D8C262986C}"
EndProject
Project("{FAE04EC0-301F-11D3-BF4B-00C04F79EFBC}") = "MVC", "MVC\MVC.csproj", "{3EE59B41-FD96-449D-ADFD-2A64F6A25164}"
EndProject
Project("{FAE04EC0-301F-11D3-BF4B-00C04F79EFBC}") = "UnitTestProject1", "UnitTestProject1\UnitTestProject1.csproj", "{6E3CAD67-0FB4-41C2-8DEF-15533A063DC6}"
EndProject
Global
	GlobalSection(SolutionConfigurationPlatforms) = preSolution
		Debug|Any CPU = Debug|Any CPU
		Debug|x86 = Debug|x86
		Release|Any CPU = Release|Any CPU
		Release|x86 = Release|x86
	EndGlobalSection
	GlobalSection(ProjectConfigurationPlatforms) = postSolution
		{EB6D7044-6DE6-4076-9074-7E1C68D2339D}.Debug|Any CPU.ActiveCfg = Debug|Any CPU
		{EB6D7044-6DE6-4076-9074-7E1C68D2339D}.Debug|Any CPU.Build.0 = Debug|Any CPU
		{EB6D7044-6DE6-4076-9074-7E1C68D2339D}.Debug|x86.ActiveCfg = Debug|Any CPU
		{EB6D7044-6DE6-4076-9074-7E1C68D2339D}.Debug|x86.Build.0 = Debug|Any CPU
		{EB6D7044-6DE6-4076-9074-7E1C68D2339D}.Release|Any CPU.ActiveCfg = Release|Any CPU
		{EB6D7044-6DE6-4076-9074-7E1C68D2339D}.Release|Any CPU.Build.0 = Release|Any CPU
		{EB6D7044-6DE6-4076-9074-7E1C68D2339D}.Release|x86.ActiveCfg = Release|Any CPU
		{EB6D7044-6DE6-4076-9074-7E1C68D2339D}.Release|x86.Build.0 = Release|Any CPU
		{AA56C425-72F6-4B2E-96CB-84D8C262986C}.Debug|Any CPU.ActiveCfg = Debug|Any CPU
		{AA56C425-72F6-4B2E-96CB-84D8C262986C}.Debug|Any CPU.Build.0 = Debug|Any CPU
		{AA56C425-72F6-4B2E-96CB-84D8C262986C}.Debug|x86.ActiveCfg = Debug|Any CPU
		{AA56C425-72F6-4B2E-96CB-84D8C262986C}.Debug|x86.Build.0 = Debug|Any CPU
		{AA56C425-72F6-4B2E-96CB-84D8C262986C}.Release|Any CPU.ActiveCfg = Release|Any CPU
		{AA56C425-72F6-4B2E-96CB-84D8C262986C}.Release|Any CPU.Build.0 = Release|Any CPU
		{AA56C425-72F6-4B2E-96CB-84D8C262986C}.Release|x86.ActiveCfg = Release|Any CPU
		{AA56C425-72F6-4B2E-96CB-84D8C262986C}.Release|x86.Build.0 = Release|Any CPU
		{3EE59B41-FD96-449D-ADFD-2A64F6A25164}.Debug|Any CPU.ActiveCfg = Debug|Any CPU
		{3EE59B41-FD96-449D-ADFD-2A64F6A25164}.Debug|Any CPU.Build.0 = Debug|Any CPU
		{3EE59B41-FD96-449D-ADFD-2A64F6A25164}.Debug|x86.ActiveCfg = Debug|Any CPU
		{3EE59B41-FD96-449D-ADFD-2A64F6A25164}.Debug|x86.Build.0 = Debug|Any CPU
		{3EE59B41-FD96-449D-ADFD-2A64F6A25164}.Release|Any CPU.ActiveCfg = Release|Any CPU
		{3EE59B41-FD96-449D-ADFD-2A64F6A25164}.Release|Any CPU.Build.0 = Release|Any CPU
		{3EE59B41-FD96-449D-ADFD-2A64F6A25164}.Release|x86.ActiveCfg = Release|Any CPU
		{3EE59B41-FD96-449D-ADFD-2A64F6A25164}.Release|x86.Build.0 = Release|Any CPU
		{6E3CAD67-0FB4-41C2-8DEF-15533A063DC6}.Debug|Any CPU.ActiveCfg = Debug|Any CPU
		{6E3CAD67-0FB4-41C2-8DEF-15533A063DC6}.Debug|Any CPU.Build.0 = Debug|Any CPU
		{6E3CAD67-0FB4-41C2-8DEF-15533A063DC6}.Debug|x86.ActiveCfg = Debug|Any CPU
		{6E3CAD67-0FB4-41C2-8DEF-15533A063DC6}.Debug|x86.Build.0 = Debug|Any CPU
		{6E3CAD67-0FB4-41C2-8DEF-15533A063DC6}.Release|Any CPU.ActiveCfg = Release|Any CPU
		{6E3CAD67-0FB4-41C2-8DEF-15533A063DC6}.Release|Any CPU.Build.0 = Release|Any CPU
		{6E3CAD67-0FB4-41C2-8DEF-15533A063DC6}.Release|x86.ActiveCfg = Release|Any CPU
		{6E3CAD67-0FB4-41C2-8DEF-15533A063DC6}.Release|x86.Build.0 = Release|Any CPU
	EndGlobalSection
	GlobalSection(SolutionProperties) = preSolution
		HideSolutionNode = FALSE
	EndGlobalSection
EndGlobal
